
Microsoft Visual Studio Solution File, Format Version 12.00
# Visual Studio Version 16
VisualStudioVersion = 16.0.29020.237
MinimumVisualStudioVersion = 10.0.40219.1
Project("{FAE04EC0-301F-11D3-BF4B-00C04F79EFBC}") = "PhoneBookAPI", "PhoneBookAPI.csproj", "{BC874B05-C37F-403E-B404-B079227EF499}"
EndProject
Global
	GlobalSection(SolutionConfigurationPlatforms) = preSolution
		Debug|Any CPU = Debug|Any CPU
		Release|Any CPU = Release|Any CPU
	EndGlobalSection
	GlobalSection(ProjectConfigurationPlatforms) = postSolution
		{BC874B05-C37F-403E-B404-B079227EF499}.Debug|Any CPU.ActiveCfg = Debug|Any CPU
		{BC874B05-C37F-403E-B404-B079227EF499}.Debug|Any CPU.Build.0 = Debug|Any CPU
		{BC874B05-C37F-403E-B404-B079227EF499}.Release|Any CPU.ActiveCfg = Release|Any CPU
		{BC874B05-C37F-403E-B404-B079227EF499}.Release|Any CPU.Build.0 = Release|Any CPU
	EndGlobalSection
	GlobalSection(SolutionProperties) = preSolution
		HideSolutionNode = FALSE
	EndGlobalSection
	GlobalSection(ExtensibilityGlobals) = postSolution
		SolutionGuid = {18A0BE84-C014-4E3E-A80F-3D1E6C71437D}
	EndGlobalSection
EndGlobal
